// !$*UTF8*$!
{
	archiveVersion = 1;
	classes = {
	};
	objectVersion = 50;
	objects = {

/* Begin PBXBuildFile section */
		5E00CD3123D8CEE500EEDB03 /* AppDelegate.swift in Sources */ = {isa = PBXBuildFile; fileRef = 5E00CD3023D8CEE500EEDB03 /* AppDelegate.swift */; };
		5E00CD3323D8CEE500EEDB03 /* SceneDelegate.swift in Sources */ = {isa = PBXBuildFile; fileRef = 5E00CD3223D8CEE500EEDB03 /* SceneDelegate.swift */; };
		5E00CD3A23D8CEE800EEDB03 /* Assets.xcassets in Resources */ = {isa = PBXBuildFile; fileRef = 5E00CD3923D8CEE800EEDB03 /* Assets.xcassets */; };
		5E00CD3D23D8CEE800EEDB03 /* LaunchScreen.storyboard in Resources */ = {isa = PBXBuildFile; fileRef = 5E00CD3B23D8CEE800EEDB03 /* LaunchScreen.storyboard */; };
		5E00CD4623D8D62900EEDB03 /* BaseView.swift in Sources */ = {isa = PBXBuildFile; fileRef = 5E00CD4523D8D62900EEDB03 /* BaseView.swift */; };
		5E00CD4923D8DD4800EEDB03 /* TrafficLightService.swift in Sources */ = {isa = PBXBuildFile; fileRef = 5E00CD4823D8DD4800EEDB03 /* TrafficLightService.swift */; };
		5E00CD4C23D8DD7000EEDB03 /* TrafficLight.swift in Sources */ = {isa = PBXBuildFile; fileRef = 5E00CD4B23D8DD7000EEDB03 /* TrafficLight.swift */; };
		5E00CD4F23D8DDD700EEDB03 /* TrafficLightPresenter.swift in Sources */ = {isa = PBXBuildFile; fileRef = 5E00CD4E23D8DDD700EEDB03 /* TrafficLightPresenter.swift */; };
		5E00CD5223D8DE5C00EEDB03 /* TrafficLightViewController.swift in Sources */ = {isa = PBXBuildFile; fileRef = 5E00CD5123D8DE5C00EEDB03 /* TrafficLightViewController.swift */; };
/* End PBXBuildFile section */

/* Begin PBXFileReference section */
		5E00CD2D23D8CEE500EEDB03 /* MVP.app */ = {isa = PBXFileReference; explicitFileType = wrapper.application; includeInIndex = 0; path = MVP.app; sourceTree = BUILT_PRODUCTS_DIR; };
		5E00CD3023D8CEE500EEDB03 /* AppDelegate.swift */ = {isa = PBXFileReference; lastKnownFileType = sourcecode.swift; path = AppDelegate.swift; sourceTree = "<group>"; };
		5E00CD3223D8CEE500EEDB03 /* SceneDelegate.swift */ = {isa = PBXFileReference; lastKnownFileType = sourcecode.swift; path = SceneDelegate.swift; sourceTree = "<group>"; };
		5E00CD3923D8CEE800EEDB03 /* Assets.xcassets */ = {isa = PBXFileReference; lastKnownFileType = folder.assetcatalog; path = Assets.xcassets; sourceTree = "<group>"; };
		5E00CD3C23D8CEE800EEDB03 /* Base */ = {isa = PBXFileReference; lastKnownFileType = file.storyboard; name = Base; path = Base.lproj/LaunchScreen.storyboard; sourceTree = "<group>"; };
		5E00CD3E23D8CEE800EEDB03 /* Info.plist */ = {isa = PBXFileReference; lastKnownFileType = text.plist.xml; path = Info.plist; sourceTree = "<group>"; };
		5E00CD4523D8D62900EEDB03 /* BaseView.swift */ = {isa = PBXFileReference; lastKnownFileType = sourcecode.swift; path = BaseView.swift; sourceTree = "<group>"; };
		5E00CD4823D8DD4800EEDB03 /* TrafficLightService.swift */ = {isa = PBXFileReference; lastKnownFileType = sourcecode.swift; path = TrafficLightService.swift; sourceTree = "<group>"; };
		5E00CD4B23D8DD7000EEDB03 /* TrafficLight.swift */ = {isa = PBXFileReference; lastKnownFileType = sourcecode.swift; path = TrafficLight.swift; sourceTree = "<group>"; };
		5E00CD4E23D8DDD700EEDB03 /* TrafficLightPresenter.swift */ = {isa = PBXFileReference; lastKnownFileType = sourcecode.swift; path = TrafficLightPresenter.swift; sourceTree = "<group>"; };
		5E00CD5123D8DE5C00EEDB03 /* TrafficLightViewController.swift */ = {isa = PBXFileReference; lastKnownFileType = sourcecode.swift; path = TrafficLightViewController.swift; sourceTree = "<group>"; };
/* End PBXFileReference section */

/* Begin PBXFrameworksBuildPhase section */
		5E00CD2A23D8CEE500EEDB03 /* Frameworks */ = {
			isa = PBXFrameworksBuildPhase;
			buildActionMask = 2147483647;
			files = (
			);
			runOnlyForDeploymentPostprocessing = 0;
		};
/* End PBXFrameworksBuildPhase section */

/* Begin PBXGroup section */
		5E00CD2423D8CEE500EEDB03 = {
			isa = PBXGroup;
			children = (
				5E00CD2F23D8CEE500EEDB03 /* MVP */,
				5E00CD2E23D8CEE500EEDB03 /* Products */,
			);
			sourceTree = "<group>";
		};
		5E00CD2E23D8CEE500EEDB03 /* Products */ = {
			isa = PBXGroup;
			children = (
				5E00CD2D23D8CEE500EEDB03 /* MVP.app */,
			);
			name = Products;
			sourceTree = "<group>";
		};
		5E00CD2F23D8CEE500EEDB03 /* MVP */ = {
			isa = PBXGroup;
			children = (
				5E00CD5023D8DE3100EEDB03 /* Views */,
				5E00CD4D23D8DDC000EEDB03 /* Presenters */,
				5E00CD4A23D8DD6100EEDB03 /* Models */,
				5E00CD4723D8DD2700EEDB03 /* DataSource */,
				5E00CD3023D8CEE500EEDB03 /* AppDelegate.swift */,
				5E00CD3223D8CEE500EEDB03 /* SceneDelegate.swift */,
				5E00CD3923D8CEE800EEDB03 /* Assets.xcassets */,
				5E00CD3B23D8CEE800EEDB03 /* LaunchScreen.storyboard */,
				5E00CD3E23D8CEE800EEDB03 /* Info.plist */,
				5E00CD4523D8D62900EEDB03 /* BaseView.swift */,
			);
			path = MVP;
			sourceTree = "<group>";
		};
		5E00CD4723D8DD2700EEDB03 /* DataSource */ = {
			isa = PBXGroup;
			children = (
				5E00CD4823D8DD4800EEDB03 /* TrafficLightService.swift */,
			);
			path = DataSource;
			sourceTree = "<group>";
		};
		5E00CD4A23D8DD6100EEDB03 /* Models */ = {
			isa = PBXGroup;
			children = (
				5E00CD4B23D8DD7000EEDB03 /* TrafficLight.swift */,
			);
			path = Models;
			sourceTree = "<group>";
		};
		5E00CD4D23D8DDC000EEDB03 /* Presenters */ = {
			isa = PBXGroup;
			children = (
				5E00CD4E23D8DDD700EEDB03 /* TrafficLightPresenter.swift */,
			);
			path = Presenters;
			sourceTree = "<group>";
		};
		5E00CD5023D8DE3100EEDB03 /* Views */ = {
			isa = PBXGroup;
			children = (
				5E00CD5123D8DE5C00EEDB03 /* TrafficLightViewController.swift */,
			);
			path = Views;
			sourceTree = "<group>";
		};
/* End PBXGroup section */

/* Begin PBXNativeTarget section */
		5E00CD2C23D8CEE500EEDB03 /* MVP */ = {
			isa = PBXNativeTarget;
			buildConfigurationList = 5E00CD4123D8CEE800EEDB03 /* Build configuration list for PBXNativeTarget "MVP" */;
			buildPhases = (
				5E00CD2923D8CEE500EEDB03 /* Sources */,
				5E00CD2A23D8CEE500EEDB03 /* Frameworks */,
				5E00CD2B23D8CEE500EEDB03 /* Resources */,
			);
			buildRules = (
			);
			dependencies = (
			);
			name = MVP;
			productName = MVP;
			productReference = 5E00CD2D23D8CEE500EEDB03 /* MVP.app */;
			productType = "com.apple.product-type.application";
		};
/* End PBXNativeTarget section */

/* Begin PBXProject section */
		5E00CD2523D8CEE500EEDB03 /* Project object */ = {
			isa = PBXProject;
			attributes = {
				LastSwiftUpdateCheck = 1120;
				LastUpgradeCheck = 1120;
				ORGANIZATIONNAME = "The Segoviano";
				TargetAttributes = {
					5E00CD2C23D8CEE500EEDB03 = {
						CreatedOnToolsVersion = 11.2.1;
					};
				};
			};
			buildConfigurationList = 5E00CD2823D8CEE500EEDB03 /* Build configuration list for PBXProject "MVP" */;
			compatibilityVersion = "Xcode 9.3";
			developmentRegion = en;
			hasScannedForEncodings = 0;
			knownRegions = (
				en,
				Base,
			);
			mainGroup = 5E00CD2423D8CEE500EEDB03;
			productRefGroup = 5E00CD2E23D8CEE500EEDB03 /* Products */;
			projectDirPath = "";
			projectRoot = "";
			targets = (
				5E00CD2C23D8CEE500EEDB03 /* MVP */,
			);
		};
/* End PBXProject section */

/* Begin PBXResourcesBuildPhase section */
		5E00CD2B23D8CEE500EEDB03 /* Resources */ = {
			isa = PBXResourcesBuildPhase;
			buildActionMask = 2147483647;
			files = (
				5E00CD3D23D8CEE800EEDB03 /* LaunchScreen.storyboard in Resources */,
				5E00CD3A23D8CEE800EEDB03 /* Assets.xcassets in Resources */,
			);
			runOnlyForDeploymentPostprocessing = 0;
		};
/* End PBXResourcesBuildPhase section */

/* Begin PBXSourcesBuildPhase section */
		5E00CD2923D8CEE500EEDB03 /* Sources */ = {
			isa = PBXSourcesBuildPhase;
			buildActionMask = 2147483647;
			files = (
				5E00CD4F23D8DDD700EEDB03 /* TrafficLightPresenter.swift in Sources */,
				5E00CD5223D8DE5C00EEDB03 /* TrafficLightViewController.swift in Sources */,
				5E00CD3123D8CEE500EEDB03 /* AppDelegate.swift in Sources */,
				5E00CD4C23D8DD7000EEDB03 /* TrafficLight.swift in Sources */,
				5E00CD4923D8DD4800EEDB03 /* TrafficLightService.swift in Sources */,
				5E00CD3323D8CEE500EEDB03 /* SceneDelegate.swift in Sources */,
				5E00CD4623D8D62900EEDB03 /* BaseView.swift in Sources */,
			);
			runOnlyForDeploymentPostprocessing = 0;
		};
/* End PBXSourcesBuildPhase section */

/* Begin PBXVariantGroup section */
		5E00CD3B23D8CEE800EEDB03 /* LaunchScreen.storyboard */ = {
			isa = PBXVariantGroup;
			children = (
				5E00CD3C23D8CEE800EEDB03 /* Base */,
			);
			name = LaunchScreen.storyboard;
			sourceTree = "<group>";
		};
/* End PBXVariantGroup section */

/* Begin XCBuildConfiguration section */
		5E00CD3F23D8CEE800EEDB03 /* Debug */ = {
			isa = XCBuildConfiguration;
			buildSettings = {
				ALWAYS_SEARCH_USER_PATHS = NO;
				CLANG_ANALYZER_NONNULL = YES;
				CLANG_ANALYZER_NUMBER_OBJECT_CONVERSION = YES_AGGRESSIVE;
				CLANG_CXX_LANGUAGE_STANDARD = "gnu++14";
				CLANG_CXX_LIBRARY = "libc++";
				CLANG_ENABLE_MODULES = YES;
				CLANG_ENABLE_OBJC_ARC = YES;
				CLANG_ENABLE_OBJC_WEAK = YES;
				CLANG_WARN_BLOCK_CAPTURE_AUTORELEASING = YES;
				CLANG_WARN_BOOL_CONVERSION = YES;
				CLANG_WARN_COMMA = YES;
				CLANG_WARN_CONSTANT_CONVERSION = YES;
				CLANG_WARN_DEPRECATED_OBJC_IMPLEMENTATIONS = YES;
				CLANG_WARN_DIRECT_OBJC_ISA_USAGE = YES_ERROR;
				CLANG_WARN_DOCUMENTATION_COMMENTS = YES;
				CLANG_WARN_EMPTY_BODY = YES;
				CLANG_WARN_ENUM_CONVERSION = YES;
				CLANG_WARN_INFINITE_RECURSION = YES;
				CLANG_WARN_INT_CONVERSION = YES;
				CLANG_WARN_NON_LITERAL_NULL_CONVERSION = YES;
				CLANG_WARN_OBJC_IMPLICIT_RETAIN_SELF = YES;
				CLANG_WARN_OBJC_LITERAL_CONVERSION = YES;
				CLANG_WARN_OBJC_ROOT_CLASS = YES_ERROR;
				CLANG_WARN_RANGE_LOOP_ANALYSIS = YES;
				CLANG_WARN_STRICT_PROTOTYPES = YES;
				CLANG_WARN_SUSPICIOUS_MOVE = YES;
				CLANG_WARN_UNGUARDED_AVAILABILITY = YES_AGGRESSIVE;
				CLANG_WARN_UNREACHABLE_CODE = YES;
				CLANG_WARN__DUPLICATE_METHOD_MATCH = YES;
				COPY_PHASE_STRIP = NO;
				DEBUG_INFORMATION_FORMAT = dwarf;
				ENABLE_STRICT_OBJC_MSGSEND = YES;
				ENABLE_TESTABILITY = YES;
				GCC_C_LANGUAGE_STANDARD = gnu11;
				GCC_DYNAMIC_NO_PIC = NO;
				GCC_NO_COMMON_BLOCKS = YES;
				GCC_OPTIMIZATION_LEVEL = 0;
				GCC_PREPROCESSOR_DEFINITIONS = (
					"DEBUG=1",
					"$(inherited)",
				);
				GCC_WARN_64_TO_32_BIT_CONVERSION = YES;
				GCC_WARN_ABOUT_RETURN_TYPE = YES_ERROR;
				GCC_WARN_UNDECLARED_SELECTOR = YES;
				GCC_WARN_UNINITIALIZED_AUTOS = YES_AGGRESSIVE;
				GCC_WARN_UNUSED_FUNCTION = YES;
				GCC_WARN_UNUSED_VARIABLE = YES;
				IPHONEOS_DEPLOYMENT_TARGET = 13.2;
				MTL_ENABLE_DEBUG_INFO = INCLUDE_SOURCE;
				MTL_FAST_MATH = YES;
				ONLY_ACTIVE_ARCH = YES;
				SDKROOT = iphoneos;
				SWIFT_ACTIVE_COMPILATION_CONDITIONS = DEBUG;
				SWIFT_OPTIMIZATION_LEVEL = "-Onone";
			};
			name = Debug;
		};
		5E00CD4023D8CEE800EEDB03 /* Release */ = {
			isa = XCBuildConfiguration;
			buildSettings = {
				ALWAYS_SEARCH_USER_PATHS = NO;
				CLANG_ANALYZER_NONNULL = YES;
				CLANG_ANALYZER_NUMBER_OBJECT_CONVERSION = YES_AGGRESSIVE;
				CLANG_CXX_LANGUAGE_STANDARD = "gnu++14";
				CLANG_CXX_LIBRARY = "libc++";
				CLANG_ENABLE_MODULES = YES;
				CLANG_ENABLE_OBJC_ARC = YES;
				CLANG_ENABLE_OBJC_WEAK = YES;
				CLANG_WARN_BLOCK_CAPTURE_AUTORELEASING = YES;
				CLANG_WARN_BOOL_CONVERSION = YES;
				CLANG_WARN_COMMA = YES;
				CLANG_WARN_CONSTANT_CONVERSION = YES;
				CLANG_WARN_DEPRECATED_OBJC_IMPLEMENTATIONS = YES;
				CLANG_WARN_DIRECT_OBJC_ISA_USAGE = YES_ERROR;
				CLANG_WARN_DOCUMENTATION_COMMENTS = YES;
				CLANG_WARN_EMPTY_BODY = YES;
				CLANG_WARN_ENUM_CONVERSION = YES;
				CLANG_WARN_INFINITE_RECURSION = YES;
				CLANG_WARN_INT_CONVERSION = YES;
				CLANG_WARN_NON_LITERAL_NULL_CONVERSION = YES;
				CLANG_WARN_OBJC_IMPLICIT_RETAIN_SELF = YES;
				CLANG_WARN_OBJC_LITERAL_CONVERSION = YES;
				CLANG_WARN_OBJC_ROOT_CLASS = YES_ERROR;
				CLANG_WARN_RANGE_LOOP_ANALYSIS = YES;
				CLANG_WARN_STRICT_PROTOTYPES = YES;
				CLANG_WARN_SUSPICIOUS_MOVE = YES;
				CLANG_WARN_UNGUARDED_AVAILABILITY = YES_AGGRESSIVE;
				CLANG_WARN_UNREACHABLE_CODE = YES;
				CLANG_WARN__DUPLICATE_METHOD_MATCH = YES;
				COPY_PHASE_STRIP = NO;
				DEBUG_INFORMATION_FORMAT = "dwarf-with-dsym";
				ENABLE_NS_ASSERTIONS = NO;
				ENABLE_STRICT_OBJC_MSGSEND = YES;
				GCC_C_LANGUAGE_STANDARD = gnu11;
				GCC_NO_COMMON_BLOCKS = YES;
				GCC_WARN_64_TO_32_BIT_CONVERSION = YES;
				GCC_WARN_ABOUT_RETURN_TYPE = YES_ERROR;
				GCC_WARN_UNDECLARED_SELECTOR = YES;
				GCC_WARN_UNINITIALIZED_AUTOS = YES_AGGRESSIVE;
				GCC_WARN_UNUSED_FUNCTION = YES;
				GCC_WARN_UNUSED_VARIABLE = YES;
				IPHONEOS_DEPLOYMENT_TARGET = 13.2;
				MTL_ENABLE_DEBUG_INFO = NO;
				MTL_FAST_MATH = YES;
				SDKROOT = iphoneos;
				SWIFT_COMPILATION_MODE = wholemodule;
				SWIFT_OPTIMIZATION_LEVEL = "-O";
				VALIDATE_PRODUCT = YES;
			};
			name = Release;
		};
		5E00CD4223D8CEE800EEDB03 /* Debug */ = {
			isa = XCBuildConfiguration;
			buildSettings = {
				ASSETCATALOG_COMPILER_APPICON_NAME = AppIcon;
				CODE_SIGN_STYLE = Automatic;
				DEVELOPMENT_TEAM = VY93XGV7U7;
				INFOPLIST_FILE = MVP/Info.plist;
				IPHONEOS_DEPLOYMENT_TARGET = 12.0;
				LD_RUNPATH_SEARCH_PATHS = (
					"$(inherited)",
					"@executable_path/Frameworks",
				);
				PRODUCT_BUNDLE_IDENTIFIER = com.segoviano.dev.MVP;
				PRODUCT_NAME = "$(TARGET_NAME)";
				SWIFT_VERSION = 5.0;
				TARGETED_DEVICE_FAMILY = "1,2";
			};
			name = Debug;
		};
		5E00CD4323D8CEE800EEDB03 /* Release */ = {
			isa = XCBuildConfiguration;
			buildSettings = {
				ASSETCATALOG_COMPILER_APPICON_NAME = AppIcon;
				CODE_SIGN_STYLE = Automatic;
				DEVELOPMENT_TEAM = VY93XGV7U7;
				INFOPLIST_FILE = MVP/Info.plist;
				IPHONEOS_DEPLOYMENT_TARGET = 12.0;
				LD_RUNPATH_SEARCH_PATHS = (
					"$(inherited)",
					"@executable_path/Frameworks",
				);
				PRODUCT_BUNDLE_IDENTIFIER = com.segoviano.dev.MVP;
				PRODUCT_NAME = "$(TARGET_NAME)";
				SWIFT_VERSION = 5.0;
				TARGETED_DEVICE_FAMILY = "1,2";
			};
			name = Release;
		};
/* End XCBuildConfiguration section */

/* Begin XCConfigurationList section */
		5E00CD2823D8CEE500EEDB03 /* Build configuration list for PBXProject "MVP" */ = {
			isa = XCConfigurationList;
			buildConfigurations = (
				5E00CD3F23D8CEE800EEDB03 /* Debug */,
				5E00CD4023D8CEE800EEDB03 /* Release */,
			);
			defaultConfigurationIsVisible = 0;
			defaultConfigurationName = Release;
		};
		5E00CD4123D8CEE800EEDB03 /* Build configuration list for PBXNativeTarget "MVP" */ = {
			isa = XCConfigurationList;
			buildConfigurations = (
				5E00CD4223D8CEE800EEDB03 /* Debug */,
				5E00CD4323D8CEE800EEDB03 /* Release */,
			);
			defaultConfigurationIsVisible = 0;
			defaultConfigurationName = Release;
		};
/* End XCConfigurationList section */
	};
	rootObject = 5E00CD2523D8CEE500EEDB03 /* Project object */;
}
